// !$*UTF8*$!
{
	archiveVersion = 1;
	classes = {
	};
	objectVersion = 56;
	objects = {

/* Begin PBXBuildFile section */
		9D93D67829C819C70054BC82 /* FirebaseLoginAndMemberHandlingApp.swift in Sources */ = {isa = PBXBuildFile; fileRef = 9D93D67729C819C70054BC82 /* FirebaseLoginAndMemberHandlingApp.swift */; };
		9D93D67A29C819C70054BC82 /* SignUpView.swift in Sources */ = {isa = PBXBuildFile; fileRef = 9D93D67929C819C70054BC82 /* SignUpView.swift */; };
		9D93D67C29C819C90054BC82 /* Assets.xcassets in Resources */ = {isa = PBXBuildFile; fileRef = 9D93D67B29C819C90054BC82 /* Assets.xcassets */; };
		9D93D68029C819C90054BC82 /* Preview Assets.xcassets in Resources */ = {isa = PBXBuildFile; fileRef = 9D93D67F29C819C90054BC82 /* Preview Assets.xcassets */; };
		9D93D68829C81A6C0054BC82 /* FirebaseAuth in Frameworks */ = {isa = PBXBuildFile; productRef = 9D93D68729C81A6C0054BC82 /* FirebaseAuth */; };
		9D93D68A29C8AB1C0054BC82 /* GenericTextField.swift in Sources */ = {isa = PBXBuildFile; fileRef = 9D93D68929C8AB1C0054BC82 /* GenericTextField.swift */; };
		9D93D68C29C8AB590054BC82 /* SecureGenericTextField.swift in Sources */ = {isa = PBXBuildFile; fileRef = 9D93D68B29C8AB590054BC82 /* SecureGenericTextField.swift */; };
		9D93D68E29C8ABA60054BC82 /* LoginView.swift in Sources */ = {isa = PBXBuildFile; fileRef = 9D93D68D29C8ABA60054BC82 /* LoginView.swift */; };
		9D93D69629C8B8520054BC82 /* UserAuthentification.swift in Sources */ = {isa = PBXBuildFile; fileRef = 9D93D69529C8B8520054BC82 /* UserAuthentification.swift */; };
		9D93D69829C8BA870054BC82 /* SignInWithApple.swift in Sources */ = {isa = PBXBuildFile; fileRef = 9D93D69729C8BA870054BC82 /* SignInWithApple.swift */; };
		9D93D69A29C8D8F10054BC82 /* MainTabView.swift in Sources */ = {isa = PBXBuildFile; fileRef = 9D93D69929C8D8F10054BC82 /* MainTabView.swift */; };
		9D93D69D29C8DAD20054BC82 /* Tabs.swift in Sources */ = {isa = PBXBuildFile; fileRef = 9D93D69C29C8DAD20054BC82 /* Tabs.swift */; };
		9D93D6A029C8DEDF0054BC82 /* String+RandomNonce.swift in Sources */ = {isa = PBXBuildFile; fileRef = 9D93D69F29C8DEDF0054BC82 /* String+RandomNonce.swift */; };
		9D93D6A229C8DF120054BC82 /* String+SHA256.swift in Sources */ = {isa = PBXBuildFile; fileRef = 9D93D6A129C8DF120054BC82 /* String+SHA256.swift */; };
		9D93D6A429C90CB50054BC82 /* SignInErrors.swift in Sources */ = {isa = PBXBuildFile; fileRef = 9D93D6A329C90CB50054BC82 /* SignInErrors.swift */; };
		9D93D6A629C90CBF0054BC82 /* User.swift in Sources */ = {isa = PBXBuildFile; fileRef = 9D93D6A529C90CBF0054BC82 /* User.swift */; };
		9D93D6A829C917910054BC82 /* GoogleService-Info.plist in Resources */ = {isa = PBXBuildFile; fileRef = 9D93D6A729C917910054BC82 /* GoogleService-Info.plist */; };
		9D93D6AA29C93D170054BC82 /* ProfilView.swift in Sources */ = {isa = PBXBuildFile; fileRef = 9D93D6A929C93D170054BC82 /* ProfilView.swift */; };
/* End PBXBuildFile section */

/* Begin PBXFileReference section */
		9D93D67429C819C70054BC82 /* FirebaseLoginAndMemberHandling.app */ = {isa = PBXFileReference; explicitFileType = wrapper.application; includeInIndex = 0; path = FirebaseLoginAndMemberHandling.app; sourceTree = BUILT_PRODUCTS_DIR; };
		9D93D67729C819C70054BC82 /* FirebaseLoginAndMemberHandlingApp.swift */ = {isa = PBXFileReference; lastKnownFileType = sourcecode.swift; path = FirebaseLoginAndMemberHandlingApp.swift; sourceTree = "<group>"; };
		9D93D67929C819C70054BC82 /* SignUpView.swift */ = {isa = PBXFileReference; lastKnownFileType = sourcecode.swift; path = SignUpView.swift; sourceTree = "<group>"; };
		9D93D67B29C819C90054BC82 /* Assets.xcassets */ = {isa = PBXFileReference; lastKnownFileType = folder.assetcatalog; path = Assets.xcassets; sourceTree = "<group>"; };
		9D93D67D29C819C90054BC82 /* FirebaseLoginAndMemberHandling.entitlements */ = {isa = PBXFileReference; lastKnownFileType = text.plist.entitlements; path = FirebaseLoginAndMemberHandling.entitlements; sourceTree = "<group>"; };
		9D93D67F29C819C90054BC82 /* Preview Assets.xcassets */ = {isa = PBXFileReference; lastKnownFileType = folder.assetcatalog; path = "Preview Assets.xcassets"; sourceTree = "<group>"; };
		9D93D68929C8AB1C0054BC82 /* GenericTextField.swift */ = {isa = PBXFileReference; lastKnownFileType = sourcecode.swift; path = GenericTextField.swift; sourceTree = "<group>"; };
		9D93D68B29C8AB590054BC82 /* SecureGenericTextField.swift */ = {isa = PBXFileReference; lastKnownFileType = sourcecode.swift; path = SecureGenericTextField.swift; sourceTree = "<group>"; };
		9D93D68D29C8ABA60054BC82 /* LoginView.swift */ = {isa = PBXFileReference; lastKnownFileType = sourcecode.swift; path = LoginView.swift; sourceTree = "<group>"; };
		9D93D69529C8B8520054BC82 /* UserAuthentification.swift */ = {isa = PBXFileReference; lastKnownFileType = sourcecode.swift; path = UserAuthentification.swift; sourceTree = "<group>"; };
		9D93D69729C8BA870054BC82 /* SignInWithApple.swift */ = {isa = PBXFileReference; lastKnownFileType = sourcecode.swift; path = SignInWithApple.swift; sourceTree = "<group>"; };
		9D93D69929C8D8F10054BC82 /* MainTabView.swift */ = {isa = PBXFileReference; lastKnownFileType = sourcecode.swift; path = MainTabView.swift; sourceTree = "<group>"; };
		9D93D69C29C8DAD20054BC82 /* Tabs.swift */ = {isa = PBXFileReference; lastKnownFileType = sourcecode.swift; path = Tabs.swift; sourceTree = "<group>"; };
		9D93D69F29C8DEDF0054BC82 /* String+RandomNonce.swift */ = {isa = PBXFileReference; lastKnownFileType = sourcecode.swift; path = "String+RandomNonce.swift"; sourceTree = "<group>"; };
		9D93D6A129C8DF120054BC82 /* String+SHA256.swift */ = {isa = PBXFileReference; lastKnownFileType = sourcecode.swift; path = "String+SHA256.swift"; sourceTree = "<group>"; };
		9D93D6A329C90CB50054BC82 /* SignInErrors.swift */ = {isa = PBXFileReference; lastKnownFileType = sourcecode.swift; path = SignInErrors.swift; sourceTree = "<group>"; };
		9D93D6A529C90CBF0054BC82 /* User.swift */ = {isa = PBXFileReference; lastKnownFileType = sourcecode.swift; path = User.swift; sourceTree = "<group>"; };
		9D93D6A729C917910054BC82 /* GoogleService-Info.plist */ = {isa = PBXFileReference; fileEncoding = 4; lastKnownFileType = text.plist.xml; path = "GoogleService-Info.plist"; sourceTree = "<group>"; };
		9D93D6A929C93D170054BC82 /* ProfilView.swift */ = {isa = PBXFileReference; lastKnownFileType = sourcecode.swift; path = ProfilView.swift; sourceTree = "<group>"; };
/* End PBXFileReference section */

/* Begin PBXFrameworksBuildPhase section */
		9D93D67129C819C70054BC82 /* Frameworks */ = {
			isa = PBXFrameworksBuildPhase;
			buildActionMask = 2147483647;
			files = (
				9D93D68829C81A6C0054BC82 /* FirebaseAuth in Frameworks */,
			);
			runOnlyForDeploymentPostprocessing = 0;
		};
/* End PBXFrameworksBuildPhase section */

/* Begin PBXGroup section */
		9D93D66B29C819C70054BC82 = {
			isa = PBXGroup;
			children = (
				9D93D67629C819C70054BC82 /* FirebaseLoginAndMemberHandling */,
				9D93D67529C819C70054BC82 /* Products */,
			);
			sourceTree = "<group>";
		};
		9D93D67529C819C70054BC82 /* Products */ = {
			isa = PBXGroup;
			children = (
				9D93D67429C819C70054BC82 /* FirebaseLoginAndMemberHandling.app */,
			);
			name = Products;
			sourceTree = "<group>";
		};
		9D93D67629C819C70054BC82 /* FirebaseLoginAndMemberHandling */ = {
			isa = PBXGroup;
			children = (
				9D93D6A729C917910054BC82 /* GoogleService-Info.plist */,
				9D93D67729C819C70054BC82 /* FirebaseLoginAndMemberHandlingApp.swift */,
				9D93D69E29C8DECC0054BC82 /* Extensions */,
				9D93D69B29C8DAC90054BC82 /* Models */,
				9D93D69129C8B7520054BC82 /* ViewModels */,
				9D93D68F29C8B72E0054BC82 /* Views */,
				9D93D67B29C819C90054BC82 /* Assets.xcassets */,
				9D93D67D29C819C90054BC82 /* FirebaseLoginAndMemberHandling.entitlements */,
				9D93D67E29C819C90054BC82 /* Preview Content */,
			);
			path = FirebaseLoginAndMemberHandling;
			sourceTree = "<group>";
		};
		9D93D67E29C819C90054BC82 /* Preview Content */ = {
			isa = PBXGroup;
			children = (
				9D93D67F29C819C90054BC82 /* Preview Assets.xcassets */,
			);
			path = "Preview Content";
			sourceTree = "<group>";
		};
		9D93D68F29C8B72E0054BC82 /* Views */ = {
			isa = PBXGroup;
			children = (
				9D93D69029C8B7440054BC82 /* SubViews */,
				9D93D67929C819C70054BC82 /* SignUpView.swift */,
				9D93D68D29C8ABA60054BC82 /* LoginView.swift */,
				9D93D6A929C93D170054BC82 /* ProfilView.swift */,
				9D93D69929C8D8F10054BC82 /* MainTabView.swift */,
			);
			path = Views;
			sourceTree = "<group>";
		};
		9D93D69029C8B7440054BC82 /* SubViews */ = {
			isa = PBXGroup;
			children = (
				9D93D68929C8AB1C0054BC82 /* GenericTextField.swift */,
				9D93D68B29C8AB590054BC82 /* SecureGenericTextField.swift */,
			);
			path = SubViews;
			sourceTree = "<group>";
		};
		9D93D69129C8B7520054BC82 /* ViewModels */ = {
			isa = PBXGroup;
			children = (
				9D93D69529C8B8520054BC82 /* UserAuthentification.swift */,
				9D93D69729C8BA870054BC82 /* SignInWithApple.swift */,
			);
			path = ViewModels;
			sourceTree = "<group>";
		};
		9D93D69B29C8DAC90054BC82 /* Models */ = {
			isa = PBXGroup;
			children = (
				9D93D69C29C8DAD20054BC82 /* Tabs.swift */,
				9D93D6A329C90CB50054BC82 /* SignInErrors.swift */,
				9D93D6A529C90CBF0054BC82 /* User.swift */,
			);
			path = Models;
			sourceTree = "<group>";
		};
		9D93D69E29C8DECC0054BC82 /* Extensions */ = {
			isa = PBXGroup;
			children = (
				9D93D69F29C8DEDF0054BC82 /* String+RandomNonce.swift */,
				9D93D6A129C8DF120054BC82 /* String+SHA256.swift */,
			);
			path = Extensions;
			sourceTree = "<group>";
		};
/* End PBXGroup section */

/* Begin PBXNativeTarget section */
		9D93D67329C819C70054BC82 /* FirebaseLoginAndMemberHandling */ = {
			isa = PBXNativeTarget;
			buildConfigurationList = 9D93D68329C819C90054BC82 /* Build configuration list for PBXNativeTarget "FirebaseLoginAndMemberHandling" */;
			buildPhases = (
				9D93D67029C819C70054BC82 /* Sources */,
				9D93D67129C819C70054BC82 /* Frameworks */,
				9D93D67229C819C70054BC82 /* Resources */,
			);
			buildRules = (
			);
			dependencies = (
			);
			name = FirebaseLoginAndMemberHandling;
			packageProductDependencies = (
				9D93D68729C81A6C0054BC82 /* FirebaseAuth */,
			);
			productName = FirebaseLoginAndMemberHandling;
			productReference = 9D93D67429C819C70054BC82 /* FirebaseLoginAndMemberHandling.app */;
			productType = "com.apple.product-type.application";
		};
/* End PBXNativeTarget section */

/* Begin PBXProject section */
		9D93D66C29C819C70054BC82 /* Project object */ = {
			isa = PBXProject;
			attributes = {
				BuildIndependentTargetsInParallel = 1;
				LastSwiftUpdateCheck = 1420;
				LastUpgradeCheck = 1420;
				TargetAttributes = {
					9D93D67329C819C70054BC82 = {
						CreatedOnToolsVersion = 14.2;
					};
				};
			};
			buildConfigurationList = 9D93D66F29C819C70054BC82 /* Build configuration list for PBXProject "FirebaseLoginAndMemberHandling" */;
			compatibilityVersion = "Xcode 14.0";
			developmentRegion = en;
			hasScannedForEncodings = 0;
			knownRegions = (
				en,
				Base,
			);
			mainGroup = 9D93D66B29C819C70054BC82;
			packageReferences = (
				9D93D68629C81A6C0054BC82 /* XCRemoteSwiftPackageReference "firebase-ios-sdk" */,
			);
			productRefGroup = 9D93D67529C819C70054BC82 /* Products */;
			projectDirPath = "";
			projectRoot = "";
			targets = (
				9D93D67329C819C70054BC82 /* FirebaseLoginAndMemberHandling */,
			);
		};
/* End PBXProject section */

/* Begin PBXResourcesBuildPhase section */
		9D93D67229C819C70054BC82 /* Resources */ = {
			isa = PBXResourcesBuildPhase;
			buildActionMask = 2147483647;
			files = (
				9D93D6A829C917910054BC82 /* GoogleService-Info.plist in Resources */,
				9D93D68029C819C90054BC82 /* Preview Assets.xcassets in Resources */,
				9D93D67C29C819C90054BC82 /* Assets.xcassets in Resources */,
			);
			runOnlyForDeploymentPostprocessing = 0;
		};
/* End PBXResourcesBuildPhase section */

/* Begin PBXSourcesBuildPhase section */
		9D93D67029C819C70054BC82 /* Sources */ = {
			isa = PBXSourcesBuildPhase;
			buildActionMask = 2147483647;
			files = (
				9D93D6A629C90CBF0054BC82 /* User.swift in Sources */,
				9D93D68C29C8AB590054BC82 /* SecureGenericTextField.swift in Sources */,
				9D93D67A29C819C70054BC82 /* SignUpView.swift in Sources */,
				9D93D67829C819C70054BC82 /* FirebaseLoginAndMemberHandlingApp.swift in Sources */,
				9D93D69A29C8D8F10054BC82 /* MainTabView.swift in Sources */,
				9D93D68E29C8ABA60054BC82 /* LoginView.swift in Sources */,
				9D93D6A029C8DEDF0054BC82 /* String+RandomNonce.swift in Sources */,
				9D93D69D29C8DAD20054BC82 /* Tabs.swift in Sources */,
				9D93D6AA29C93D170054BC82 /* ProfilView.swift in Sources */,
				9D93D6A229C8DF120054BC82 /* String+SHA256.swift in Sources */,
				9D93D69629C8B8520054BC82 /* UserAuthentification.swift in Sources */,
				9D93D68A29C8AB1C0054BC82 /* GenericTextField.swift in Sources */,
				9D93D6A429C90CB50054BC82 /* SignInErrors.swift in Sources */,
				9D93D69829C8BA870054BC82 /* SignInWithApple.swift in Sources */,
			);
			runOnlyForDeploymentPostprocessing = 0;
		};
/* End PBXSourcesBuildPhase section */

/* Begin XCBuildConfiguration section */
		9D93D68129C819C90054BC82 /* Debug */ = {
			isa = XCBuildConfiguration;
			buildSettings = {
				ALWAYS_SEARCH_USER_PATHS = NO;
				CLANG_ANALYZER_NONNULL = YES;
				CLANG_ANALYZER_NUMBER_OBJECT_CONVERSION = YES_AGGRESSIVE;
				CLANG_CXX_LANGUAGE_STANDARD = "gnu++20";
				CLANG_ENABLE_MODULES = YES;
				CLANG_ENABLE_OBJC_ARC = YES;
				CLANG_ENABLE_OBJC_WEAK = YES;
				CLANG_WARN_BLOCK_CAPTURE_AUTORELEASING = YES;
				CLANG_WARN_BOOL_CONVERSION = YES;
				CLANG_WARN_COMMA = YES;
				CLANG_WARN_CONSTANT_CONVERSION = YES;
				CLANG_WARN_DEPRECATED_OBJC_IMPLEMENTATIONS = YES;
				CLANG_WARN_DIRECT_OBJC_ISA_USAGE = YES_ERROR;
				CLANG_WARN_DOCUMENTATION_COMMENTS = YES;
				CLANG_WARN_EMPTY_BODY = YES;
				CLANG_WARN_ENUM_CONVERSION = YES;
				CLANG_WARN_INFINITE_RECURSION = YES;
				CLANG_WARN_INT_CONVERSION = YES;
				CLANG_WARN_NON_LITERAL_NULL_CONVERSION = YES;
				CLANG_WARN_OBJC_IMPLICIT_RETAIN_SELF = YES;
				CLANG_WARN_OBJC_LITERAL_CONVERSION = YES;
				CLANG_WARN_OBJC_ROOT_CLASS = YES_ERROR;
				CLANG_WARN_QUOTED_INCLUDE_IN_FRAMEWORK_HEADER = YES;
				CLANG_WARN_RANGE_LOOP_ANALYSIS = YES;
				CLANG_WARN_STRICT_PROTOTYPES = YES;
				CLANG_WARN_SUSPICIOUS_MOVE = YES;
				CLANG_WARN_UNGUARDED_AVAILABILITY = YES_AGGRESSIVE;
				CLANG_WARN_UNREACHABLE_CODE = YES;
				CLANG_WARN__DUPLICATE_METHOD_MATCH = YES;
				COPY_PHASE_STRIP = NO;
				DEBUG_INFORMATION_FORMAT = dwarf;
				ENABLE_STRICT_OBJC_MSGSEND = YES;
				ENABLE_TESTABILITY = YES;
				GCC_C_LANGUAGE_STANDARD = gnu11;
				GCC_DYNAMIC_NO_PIC = NO;
				GCC_NO_COMMON_BLOCKS = YES;
				GCC_OPTIMIZATION_LEVEL = 0;
				GCC_PREPROCESSOR_DEFINITIONS = (
					"DEBUG=1",
					"$(inherited)",
				);
				GCC_WARN_64_TO_32_BIT_CONVERSION = YES;
				GCC_WARN_ABOUT_RETURN_TYPE = YES_ERROR;
				GCC_WARN_UNDECLARED_SELECTOR = YES;
				GCC_WARN_UNINITIALIZED_AUTOS = YES_AGGRESSIVE;
				GCC_WARN_UNUSED_FUNCTION = YES;
				GCC_WARN_UNUSED_VARIABLE = YES;
				MTL_ENABLE_DEBUG_INFO = INCLUDE_SOURCE;
				MTL_FAST_MATH = YES;
				ONLY_ACTIVE_ARCH = YES;
				SWIFT_ACTIVE_COMPILATION_CONDITIONS = DEBUG;
				SWIFT_OPTIMIZATION_LEVEL = "-Onone";
			};
			name = Debug;
		};
		9D93D68229C819C90054BC82 /* Release */ = {
			isa = XCBuildConfiguration;
			buildSettings = {
				ALWAYS_SEARCH_USER_PATHS = NO;
				CLANG_ANALYZER_NONNULL = YES;
				CLANG_ANALYZER_NUMBER_OBJECT_CONVERSION = YES_AGGRESSIVE;
				CLANG_CXX_LANGUAGE_STANDARD = "gnu++20";
				CLANG_ENABLE_MODULES = YES;
				CLANG_ENABLE_OBJC_ARC = YES;
				CLANG_ENABLE_OBJC_WEAK = YES;
				CLANG_WARN_BLOCK_CAPTURE_AUTORELEASING = YES;
				CLANG_WARN_BOOL_CONVERSION = YES;
				CLANG_WARN_COMMA = YES;
				CLANG_WARN_CONSTANT_CONVERSION = YES;
				CLANG_WARN_DEPRECATED_OBJC_IMPLEMENTATIONS = YES;
				CLANG_WARN_DIRECT_OBJC_ISA_USAGE = YES_ERROR;
				CLANG_WARN_DOCUMENTATION_COMMENTS = YES;
				CLANG_WARN_EMPTY_BODY = YES;
				CLANG_WARN_ENUM_CONVERSION = YES;
				CLANG_WARN_INFINITE_RECURSION = YES;
				CLANG_WARN_INT_CONVERSION = YES;
				CLANG_WARN_NON_LITERAL_NULL_CONVERSION = YES;
				CLANG_WARN_OBJC_IMPLICIT_RETAIN_SELF = YES;
				CLANG_WARN_OBJC_LITERAL_CONVERSION = YES;
				CLANG_WARN_OBJC_ROOT_CLASS = YES_ERROR;
				CLANG_WARN_QUOTED_INCLUDE_IN_FRAMEWORK_HEADER = YES;
				CLANG_WARN_RANGE_LOOP_ANALYSIS = YES;
				CLANG_WARN_STRICT_PROTOTYPES = YES;
				CLANG_WARN_SUSPICIOUS_MOVE = YES;
				CLANG_WARN_UNGUARDED_AVAILABILITY = YES_AGGRESSIVE;
				CLANG_WARN_UNREACHABLE_CODE = YES;
				CLANG_WARN__DUPLICATE_METHOD_MATCH = YES;
				COPY_PHASE_STRIP = NO;
				DEBUG_INFORMATION_FORMAT = "dwarf-with-dsym";
				ENABLE_NS_ASSERTIONS = NO;
				ENABLE_STRICT_OBJC_MSGSEND = YES;
				GCC_C_LANGUAGE_STANDARD = gnu11;
				GCC_NO_COMMON_BLOCKS = YES;
				GCC_WARN_64_TO_32_BIT_CONVERSION = YES;
				GCC_WARN_ABOUT_RETURN_TYPE = YES_ERROR;
				GCC_WARN_UNDECLARED_SELECTOR = YES;
				GCC_WARN_UNINITIALIZED_AUTOS = YES_AGGRESSIVE;
				GCC_WARN_UNUSED_FUNCTION = YES;
				GCC_WARN_UNUSED_VARIABLE = YES;
				MTL_ENABLE_DEBUG_INFO = NO;
				MTL_FAST_MATH = YES;
				SWIFT_COMPILATION_MODE = wholemodule;
				SWIFT_OPTIMIZATION_LEVEL = "-O";
			};
			name = Release;
		};
		9D93D68429C819C90054BC82 /* Debug */ = {
			isa = XCBuildConfiguration;
			buildSettings = {
				ASSETCATALOG_COMPILER_APPICON_NAME = AppIcon;
				ASSETCATALOG_COMPILER_GLOBAL_ACCENT_COLOR_NAME = AccentColor;
				CODE_SIGN_ENTITLEMENTS = FirebaseLoginAndMemberHandling/FirebaseLoginAndMemberHandling.entitlements;
				CODE_SIGN_STYLE = Automatic;
				CURRENT_PROJECT_VERSION = 1;
				DEVELOPMENT_ASSET_PATHS = "\"FirebaseLoginAndMemberHandling/Preview Content\"";
				DEVELOPMENT_TEAM = PR37X8G2V5;
				ENABLE_HARDENED_RUNTIME = YES;
				ENABLE_PREVIEWS = YES;
				GENERATE_INFOPLIST_FILE = YES;
				"INFOPLIST_KEY_UIApplicationSceneManifest_Generation[sdk=iphoneos*]" = YES;
				"INFOPLIST_KEY_UIApplicationSceneManifest_Generation[sdk=iphonesimulator*]" = YES;
				"INFOPLIST_KEY_UIApplicationSupportsIndirectInputEvents[sdk=iphoneos*]" = YES;
				"INFOPLIST_KEY_UIApplicationSupportsIndirectInputEvents[sdk=iphonesimulator*]" = YES;
				"INFOPLIST_KEY_UILaunchScreen_Generation[sdk=iphoneos*]" = YES;
				"INFOPLIST_KEY_UILaunchScreen_Generation[sdk=iphonesimulator*]" = YES;
				"INFOPLIST_KEY_UIStatusBarStyle[sdk=iphoneos*]" = UIStatusBarStyleDefault;
				"INFOPLIST_KEY_UIStatusBarStyle[sdk=iphonesimulator*]" = UIStatusBarStyleDefault;
				INFOPLIST_KEY_UISupportedInterfaceOrientations_iPad = "UIInterfaceOrientationPortrait UIInterfaceOrientationPortraitUpsideDown UIInterfaceOrientationLandscapeLeft UIInterfaceOrientationLandscapeRight";
				INFOPLIST_KEY_UISupportedInterfaceOrientations_iPhone = "UIInterfaceOrientationPortrait UIInterfaceOrientationLandscapeLeft UIInterfaceOrientationLandscapeRight";
				IPHONEOS_DEPLOYMENT_TARGET = 14.0;
				LD_RUNPATH_SEARCH_PATHS = "@executable_path/Frameworks";
				"LD_RUNPATH_SEARCH_PATHS[sdk=macosx*]" = "@executable_path/../Frameworks";
				MACOSX_DEPLOYMENT_TARGET = 13.1;
				MARKETING_VERSION = 1.0;
				PRODUCT_BUNDLE_IDENTIFIER = com.djallil.dev.FirebaseLoginAndMemberHandling;
				PRODUCT_NAME = "$(TARGET_NAME)";
				SDKROOT = auto;
				SUPPORTED_PLATFORMS = "iphoneos iphonesimulator macosx";
				SWIFT_EMIT_LOC_STRINGS = YES;
				SWIFT_VERSION = 5.0;
				TARGETED_DEVICE_FAMILY = "1,2";
			};
			name = Debug;
		};
		9D93D68529C819C90054BC82 /* Release */ = {
			isa = XCBuildConfiguration;
			buildSettings = {
				ASSETCATALOG_COMPILER_APPICON_NAME = AppIcon;
				ASSETCATALOG_COMPILER_GLOBAL_ACCENT_COLOR_NAME = AccentColor;
				CODE_SIGN_ENTITLEMENTS = FirebaseLoginAndMemberHandling/FirebaseLoginAndMemberHandling.entitlements;
				CODE_SIGN_STYLE = Automatic;
				CURRENT_PROJECT_VERSION = 1;
				DEVELOPMENT_ASSET_PATHS = "\"FirebaseLoginAndMemberHandling/Preview Content\"";
				DEVELOPMENT_TEAM = PR37X8G2V5;
				ENABLE_HARDENED_RUNTIME = YES;
				ENABLE_PREVIEWS = YES;
				GENERATE_INFOPLIST_FILE = YES;
				"INFOPLIST_KEY_UIApplicationSceneManifest_Generation[sdk=iphoneos*]" = YES;
				"INFOPLIST_KEY_UIApplicationSceneManifest_Generation[sdk=iphonesimulator*]" = YES;
				"INFOPLIST_KEY_UIApplicationSupportsIndirectInputEvents[sdk=iphoneos*]" = YES;
				"INFOPLIST_KEY_UIApplicationSupportsIndirectInputEvents[sdk=iphonesimulator*]" = YES;
				"INFOPLIST_KEY_UILaunchScreen_Generation[sdk=iphoneos*]" = YES;
				"INFOPLIST_KEY_UILaunchScreen_Generation[sdk=iphonesimulator*]" = YES;
				"INFOPLIST_KEY_UIStatusBarStyle[sdk=iphoneos*]" = UIStatusBarStyleDefault;
				"INFOPLIST_KEY_UIStatusBarStyle[sdk=iphonesimulator*]" = UIStatusBarStyleDefault;
				INFOPLIST_KEY_UISupportedInterfaceOrientations_iPad = "UIInterfaceOrientationPortrait UIInterfaceOrientationPortraitUpsideDown UIInterfaceOrientationLandscapeLeft UIInterfaceOrientationLandscapeRight";
				INFOPLIST_KEY_UISupportedInterfaceOrientations_iPhone = "UIInterfaceOrientationPortrait UIInterfaceOrientationLandscapeLeft UIInterfaceOrientationLandscapeRight";
				IPHONEOS_DEPLOYMENT_TARGET = 14.0;
				LD_RUNPATH_SEARCH_PATHS = "@executable_path/Frameworks";
				"LD_RUNPATH_SEARCH_PATHS[sdk=macosx*]" = "@executable_path/../Frameworks";
				MACOSX_DEPLOYMENT_TARGET = 13.1;
				MARKETING_VERSION = 1.0;
				PRODUCT_BUNDLE_IDENTIFIER = com.djallil.dev.FirebaseLoginAndMemberHandling;
				PRODUCT_NAME = "$(TARGET_NAME)";
				SDKROOT = auto;
				SUPPORTED_PLATFORMS = "iphoneos iphonesimulator macosx";
				SWIFT_EMIT_LOC_STRINGS = YES;
				SWIFT_VERSION = 5.0;
				TARGETED_DEVICE_FAMILY = "1,2";
			};
			name = Release;
		};
/* End XCBuildConfiguration section */

/* Begin XCConfigurationList section */
		9D93D66F29C819C70054BC82 /* Build configuration list for PBXProject "FirebaseLoginAndMemberHandling" */ = {
			isa = XCConfigurationList;
			buildConfigurations = (
				9D93D68129C819C90054BC82 /* Debug */,
				9D93D68229C819C90054BC82 /* Release */,
			);
			defaultConfigurationIsVisible = 0;
			defaultConfigurationName = Release;
		};
		9D93D68329C819C90054BC82 /* Build configuration list for PBXNativeTarget "FirebaseLoginAndMemberHandling" */ = {
			isa = XCConfigurationList;
			buildConfigurations = (
				9D93D68429C819C90054BC82 /* Debug */,
				9D93D68529C819C90054BC82 /* Release */,
			);
			defaultConfigurationIsVisible = 0;
			defaultConfigurationName = Release;
		};
/* End XCConfigurationList section */

/* Begin XCRemoteSwiftPackageReference section */
		9D93D68629C81A6C0054BC82 /* XCRemoteSwiftPackageReference "firebase-ios-sdk" */ = {
			isa = XCRemoteSwiftPackageReference;
			repositoryURL = "https://github.com/firebase/firebase-ios-sdk.git";
			requirement = {
				kind = upToNextMajorVersion;
				minimumVersion = 9.0.0;
			};
		};
/* End XCRemoteSwiftPackageReference section */

/* Begin XCSwiftPackageProductDependency section */
		9D93D68729C81A6C0054BC82 /* FirebaseAuth */ = {
			isa = XCSwiftPackageProductDependency;
			package = 9D93D68629C81A6C0054BC82 /* XCRemoteSwiftPackageReference "firebase-ios-sdk" */;
			productName = FirebaseAuth;
		};
/* End XCSwiftPackageProductDependency section */
	};
	rootObject = 9D93D66C29C819C70054BC82 /* Project object */;
}
